
Microsoft Visual Studio Solution File, Format Version 12.00
# Visual Studio Version 17
VisualStudioVersion = 17.11.35312.102
MinimumVisualStudioVersion = 10.0.40219.1
Project("{FAE04EC0-301F-11D3-BF4B-00C04F79EFBC}") = "3", "3\3.csproj", "{B5660349-2B7B-4952-A202-5A13B8F2B005}"
EndProject
Global
	GlobalSection(SolutionConfigurationPlatforms) = preSolution
		Debug|Any CPU = Debug|Any CPU
		Release|Any CPU = Release|Any CPU
	EndGlobalSection
	GlobalSection(ProjectConfigurationPlatforms) = postSolution
		{B5660349-2B7B-4952-A202-5A13B8F2B005}.Debug|Any CPU.ActiveCfg = Debug|Any CPU
		{B5660349-2B7B-4952-A202-5A13B8F2B005}.Debug|Any CPU.Build.0 = Debug|Any CPU
		{B5660349-2B7B-4952-A202-5A13B8F2B005}.Release|Any CPU.ActiveCfg = Release|Any CPU
		{B5660349-2B7B-4952-A202-5A13B8F2B005}.Release|Any CPU.Build.0 = Release|Any CPU
	EndGlobalSection
	GlobalSection(SolutionProperties) = preSolution
		HideSolutionNode = FALSE
	EndGlobalSection
	GlobalSection(ExtensibilityGlobals) = postSolution
		SolutionGuid = {087ED6A0-AEC6-47D1-A74C-8EE115DE3E7E}
	EndGlobalSection
EndGlobal
